{
    "_meta": {
        "hash": {
            "sha256": "397e390fb058e23fad02042a22e71e7b60c13589707468b055d3da502620e0d8"
        },
        "pipfile-spec": 6,
        "requires": {
            "python_full_version": "3.11.7",
            "python_version": "3.11"
        },
        "sources": [
            {
                "name": "pypi",
                "url": "https://pypi.org/simple",
                "verify_ssl": true
            }
        ]
    },
    "default": {
        "geojson": {
            "hashes": [
                "sha256:58a7fa40727ea058efc28b0e9ff0099eadf6d0965e04690830208d3ef571adac",
                "sha256:68a9771827237adb8c0c71f8527509c8f5bef61733aa434cefc9c9d4f0ebe8f3"
            ],
            "index": "pypi",
            "markers": "python_version >= '3.7'",
            "version": "==3.1.0"
        },
        "pluscodes": {
            "hashes": [
                "sha256:50625f472f8d4e8822e005180c2eb41bf09e45e429f362d3cded346f1169dae8"
            ],
            "index": "pypi",
            "markers": "python_version >= '3.10'",
            "version": "==2022.1.3"
        },
        "pyhcl": {
            "hashes": [
                "sha256:30ee337d330d1f90c9f5ed8f49c468f66c8e6e43192bdc7c6ece1420beb3070c",
                "sha256:c47293a51ccdd25e18bb5c8c0ab0ffe355b37c87f8d6f9d3280dc41efd4740bc"
            ],
            "index": "pypi",
            "version": "==0.4.5"
        }
    },
    "develop": {}
}
